
Microsoft Visual Studio Solution File, Format Version 12.00
# Visual Studio Version 17
VisualStudioVersion = 17.5.33414.496
MinimumVisualStudioVersion = 10.0.40219.1
Project("{FAE04EC0-301F-11D3-BF4B-00C04F79EFBC}") = "Xceed.DAL", "Xceed.DAL\Xceed.DAL.csproj", "{B924274A-E3CA-4CAE-A3A0-B0D0F136C3E6}"
EndProject
Project("{FAE04EC0-301F-11D3-BF4B-00C04F79EFBC}") = "Xceed.BLL", "Xceed.BLL\Xceed.BLL.csproj", "{05D12894-D8C0-4F2A-807C-81695B87080F}"
EndProject
Project("{FAE04EC0-301F-11D3-BF4B-00C04F79EFBC}") = "Xceed.PL", "Xceed.PL\Xceed.PL.csproj", "{F4C7E7AE-CF41-452A-8013-9E02FAFB76AB}"
EndProject
Global
	GlobalSection(SolutionConfigurationPlatforms) = preSolution
		Debug|Any CPU = Debug|Any CPU
		Release|Any CPU = Release|Any CPU
	EndGlobalSection
	GlobalSection(ProjectConfigurationPlatforms) = postSolution
		{B924274A-E3CA-4CAE-A3A0-B0D0F136C3E6}.Debug|Any CPU.ActiveCfg = Debug|Any CPU
		{B924274A-E3CA-4CAE-A3A0-B0D0F136C3E6}.Debug|Any CPU.Build.0 = Debug|Any CPU
		{B924274A-E3CA-4CAE-A3A0-B0D0F136C3E6}.Release|Any CPU.ActiveCfg = Release|Any CPU
		{B924274A-E3CA-4CAE-A3A0-B0D0F136C3E6}.Release|Any CPU.Build.0 = Release|Any CPU
		{05D12894-D8C0-4F2A-807C-81695B87080F}.Debug|Any CPU.ActiveCfg = Debug|Any CPU
		{05D12894-D8C0-4F2A-807C-81695B87080F}.Debug|Any CPU.Build.0 = Debug|Any CPU
		{05D12894-D8C0-4F2A-807C-81695B87080F}.Release|Any CPU.ActiveCfg = Release|Any CPU
		{05D12894-D8C0-4F2A-807C-81695B87080F}.Release|Any CPU.Build.0 = Release|Any CPU
		{F4C7E7AE-CF41-452A-8013-9E02FAFB76AB}.Debug|Any CPU.ActiveCfg = Debug|Any CPU
		{F4C7E7AE-CF41-452A-8013-9E02FAFB76AB}.Debug|Any CPU.Build.0 = Debug|Any CPU
		{F4C7E7AE-CF41-452A-8013-9E02FAFB76AB}.Release|Any CPU.ActiveCfg = Release|Any CPU
		{F4C7E7AE-CF41-452A-8013-9E02FAFB76AB}.Release|Any CPU.Build.0 = Release|Any CPU
	EndGlobalSection
	GlobalSection(SolutionProperties) = preSolution
		HideSolutionNode = FALSE
	EndGlobalSection
	GlobalSection(ExtensibilityGlobals) = postSolution
		SolutionGuid = {C0E33053-422C-4722-81FF-BA280197CAA1}
	EndGlobalSection
EndGlobal
